
Microsoft Visual Studio Solution File, Format Version 12.00
# Visual Studio Version 17
VisualStudioVersion = 17.0.31612.314
MinimumVisualStudioVersion = 10.0.40219.1
Project("{9A19103F-16F7-4668-BE54-9A1E7A4F7556}") = "Task_1", "Task_1\Task_1.csproj", "{C32B74C3-A03E-464C-93C7-BC09898C4596}"
EndProject
Project("{9A19103F-16F7-4668-BE54-9A1E7A4F7556}") = "TestAnagrama", "TestAnagrama\TestAnagrama.csproj", "{37E2BAD4-81D3-4157-B78E-55F076E559AE}"
	ProjectSection(ProjectDependencies) = postProject
		{C32B74C3-A03E-464C-93C7-BC09898C4596} = {C32B74C3-A03E-464C-93C7-BC09898C4596}
	EndProjectSection
EndProject
Global
	GlobalSection(SolutionConfigurationPlatforms) = preSolution
		Debug|Any CPU = Debug|Any CPU
		Release|Any CPU = Release|Any CPU
	EndGlobalSection
	GlobalSection(ProjectConfigurationPlatforms) = postSolution
		{C32B74C3-A03E-464C-93C7-BC09898C4596}.Debug|Any CPU.ActiveCfg = Debug|Any CPU
		{C32B74C3-A03E-464C-93C7-BC09898C4596}.Debug|Any CPU.Build.0 = Debug|Any CPU
		{C32B74C3-A03E-464C-93C7-BC09898C4596}.Release|Any CPU.ActiveCfg = Release|Any CPU
		{C32B74C3-A03E-464C-93C7-BC09898C4596}.Release|Any CPU.Build.0 = Release|Any CPU
		{37E2BAD4-81D3-4157-B78E-55F076E559AE}.Debug|Any CPU.ActiveCfg = Debug|Any CPU
		{37E2BAD4-81D3-4157-B78E-55F076E559AE}.Debug|Any CPU.Build.0 = Debug|Any CPU
		{37E2BAD4-81D3-4157-B78E-55F076E559AE}.Release|Any CPU.ActiveCfg = Release|Any CPU
		{37E2BAD4-81D3-4157-B78E-55F076E559AE}.Release|Any CPU.Build.0 = Release|Any CPU
	EndGlobalSection
	GlobalSection(SolutionProperties) = preSolution
		HideSolutionNode = FALSE
	EndGlobalSection
	GlobalSection(ExtensibilityGlobals) = postSolution
		SolutionGuid = {A5DB0BC4-9D43-41E2-B9B3-DFAA2354762B}
	EndGlobalSection
EndGlobal
